
Microsoft Visual Studio Solution File, Format Version 12.00
# Visual Studio Version 17
VisualStudioVersion = 17.11.35303.130
MinimumVisualStudioVersion = 10.0.40219.1
Project("{2150E333-8FDC-42A3-9474-1A3956D46DE8}") = "Task0", "Task0", "{2A394B8E-5959-43C7-9F87-F69C38D840A1}"
EndProject
Project("{9A19103F-16F7-4668-BE54-9A1E7A4F7556}") = "Tyuiu.NovikovaVA.Sprint5.Task0.V11", "Tyuiu.NovikovaVA.Sprint5.Task0.V11\Tyuiu.NovikovaVA.Sprint5.Task0.V11.csproj", "{479FB029-0AA7-487E-8DC6-44FCC4CA7618}"
EndProject
Project("{9A19103F-16F7-4668-BE54-9A1E7A4F7556}") = "Tyuiu.NovikovaVA.Sprint5.Task0.V11.Lib", "Tyuiu.NovikovaVA.Sprint5.Task0.V11.Lib\Tyuiu.NovikovaVA.Sprint5.Task0.V11.Lib.csproj", "{8C6C1B40-A5C2-4D1E-80DC-0961F587DC6F}"
EndProject
Project("{9A19103F-16F7-4668-BE54-9A1E7A4F7556}") = "Tyuiu.NovikovaVA.Sprint5.Task0.V11.Test", "Tyuiu.NovikovaVA.Sprint5.Task0.V11.Test\Tyuiu.NovikovaVA.Sprint5.Task0.V11.Test.csproj", "{CCCCE47A-BCFA-4E2A-BF93-1BBA7593B901}"
EndProject
Project("{2150E333-8FDC-42A3-9474-1A3956D46DE8}") = "Task1", "Task1", "{4440E51A-B0E6-4969-A5B9-5D60339FF94F}"
EndProject
Project("{9A19103F-16F7-4668-BE54-9A1E7A4F7556}") = "Tyuiu.NovikovaVA.Sprint5.Task1.V5", "Tyuiu.NovikovaVA.Sprint5.Task1.V5\Tyuiu.NovikovaVA.Sprint5.Task1.V5.csproj", "{3C0B60B6-EABF-4EE4-819E-AF00D48D2BFF}"
EndProject
Project("{9A19103F-16F7-4668-BE54-9A1E7A4F7556}") = "Tyuiu.NovikovaVA.Sprint5.Task1.V5.Lib", "Tyuiu.NovikovaVA.Sprint5.Task1.V5.Lib\Tyuiu.NovikovaVA.Sprint5.Task1.V5.Lib.csproj", "{3BBEDB97-20BD-4238-B0A1-63231B2DB06B}"
EndProject
Project("{9A19103F-16F7-4668-BE54-9A1E7A4F7556}") = "Tyuiu.NovikovaVA.Sprint5.Task1.V5.Test", "Tyuiu.NovikovaVA.Sprint5.Task1.V5.Test\Tyuiu.NovikovaVA.Sprint5.Task1.V5.Test.csproj", "{F09EA468-729D-45C2-A9CF-6E623F649F1D}"
EndProject
Project("{2150E333-8FDC-42A3-9474-1A3956D46DE8}") = "Task2", "Task2", "{D392A2EF-9A20-4185-A56B-EF6D85E39DCF}"
EndProject
Project("{9A19103F-16F7-4668-BE54-9A1E7A4F7556}") = "Tyuiu.NovikovaVA.Sprint5.Task2.V26", "Tyuiu.NovikovaVA.Sprint5.Task2.V26\Tyuiu.NovikovaVA.Sprint5.Task2.V26.csproj", "{F7F01CBF-547E-4A94-919D-B62F667F9533}"
EndProject
Project("{9A19103F-16F7-4668-BE54-9A1E7A4F7556}") = "Tyuiu.NovikovaVA.Sprint5.Task2.V26.Lib", "Tyuiu.NovikovaVA.Sprint5.Task2.V26.Lib\Tyuiu.NovikovaVA.Sprint5.Task2.V26.Lib.csproj", "{7F3632E1-A188-4D2B-AB90-328E25EEC3EA}"
EndProject
Project("{9A19103F-16F7-4668-BE54-9A1E7A4F7556}") = "Tyuiu.NovikovaVA.Sprint5.Task2.V26.Test", "Tyuiu.NovikovaVA.Sprint5.Task2.V26.Test\Tyuiu.NovikovaVA.Sprint5.Task2.V26.Test.csproj", "{40595A2D-1CE0-4A42-AD98-D00ED0F6BFA2}"
EndProject
Project("{2150E333-8FDC-42A3-9474-1A3956D46DE8}") = "Task3", "Task3", "{A897D2A5-124C-4FC7-A24A-5506575D4878}"
EndProject
Project("{9A19103F-16F7-4668-BE54-9A1E7A4F7556}") = "Tyuiu.NovikovaVA.Sprint5.Task3.V17", "Tyuiu.NovikovaVA.Sprint5.Task3.V17\Tyuiu.NovikovaVA.Sprint5.Task3.V17.csproj", "{845C3FC5-CEF2-4900-8037-6D7038C6CAB9}"
EndProject
Project("{9A19103F-16F7-4668-BE54-9A1E7A4F7556}") = "Tyuiu.NovikovaVA.Sprint5.Task3.V17.Lib", "Tyuiu.NovikovaVA.Sprint5.Task3.V17.Lib\Tyuiu.NovikovaVA.Sprint5.Task3.V17.Lib.csproj", "{B51EC558-5BBF-4B96-B8FB-363F73A1D88F}"
EndProject
Project("{9A19103F-16F7-4668-BE54-9A1E7A4F7556}") = "Tyuiu.NovikovaVA.Sprint5.Task3.V17.Test", "Tyuiu.NovikovaVA.Sprint5.Task3.V17.Test\Tyuiu.NovikovaVA.Sprint5.Task3.V17.Test.csproj", "{565A0CC8-19A9-4A26-9EA8-D5A1162A5316}"
EndProject
Project("{2150E333-8FDC-42A3-9474-1A3956D46DE8}") = "Task4", "Task4", "{AE2926C5-1E2E-4EF2-9EE2-371016888B22}"
EndProject
Project("{9A19103F-16F7-4668-BE54-9A1E7A4F7556}") = "Tyuiu.NovikovaVA.Sprint5.Task4.V26", "Tyuiu.NovikovaVA.Sprint5.Task4.V26\Tyuiu.NovikovaVA.Sprint5.Task4.V26.csproj", "{9983A30C-D6FC-4A05-9B43-61FB085F00B3}"
EndProject
Project("{9A19103F-16F7-4668-BE54-9A1E7A4F7556}") = "Tyuiu.NovikovaVA.Sprint5.Task4.V26.Lib", "Tyuiu.NovikovaVA.Sprint5.Task4.V26.Lib\Tyuiu.NovikovaVA.Sprint5.Task4.V26.Lib.csproj", "{C5CF6B79-4F88-4F50-A8D1-6A3D1827904C}"
EndProject
Project("{9A19103F-16F7-4668-BE54-9A1E7A4F7556}") = "Tyuiu.NovikovaVA.Sprint5.Task4.V26.Test", "Tyuiu.NovikovaVA.Sprint5.Task4.V26.Test\Tyuiu.NovikovaVA.Sprint5.Task4.V26.Test.csproj", "{24DA16DA-12DC-4978-9373-9BD065C101AA}"
EndProject
Project("{2150E333-8FDC-42A3-9474-1A3956D46DE8}") = "Task5", "Task5", "{FC696033-E497-4CC3-B503-1D2DBB6ABCDC}"
EndProject
Project("{9A19103F-16F7-4668-BE54-9A1E7A4F7556}") = "Tyuiu.NovikovaVA.Sprint5.Task5.V10", "Tyuiu.NovikovaVA.Sprint5.Task5.V10\Tyuiu.NovikovaVA.Sprint5.Task5.V10.csproj", "{C5021520-2658-43B0-8384-420C51CF042C}"
EndProject
Project("{9A19103F-16F7-4668-BE54-9A1E7A4F7556}") = "Tyuiu.NovikovaVA.Sprint5.Task5.V10.Lib", "Tyuiu.NovikovaVA.Sprint5.Task5.V10.Lib\Tyuiu.NovikovaVA.Sprint5.Task5.V10.Lib.csproj", "{37870ED7-EC73-45AE-8D5E-A5D23A077CE9}"
EndProject
Project("{9A19103F-16F7-4668-BE54-9A1E7A4F7556}") = "Tyuiu.NovikovaVA.Sprint5.Task5.V10.Test", "Tyuiu.NovikovaVA.Sprint5.Task5.V10.Test\Tyuiu.NovikovaVA.Sprint5.Task5.V10.Test.csproj", "{AB2EE190-5273-427D-9E01-DDA74D24A4B0}"
EndProject
Project("{2150E333-8FDC-42A3-9474-1A3956D46DE8}") = "Task6", "Task6", "{1AA92245-16ED-4666-BE05-C586E011E60B}"
EndProject
Project("{FAE04EC0-301F-11D3-BF4B-00C04F79EFBC}") = "Tyuiu.NovikovaVA.Sprint5.Task6.V19", "Tyuiu.NovikovaVA.Sprint5.Task6.V19\Tyuiu.NovikovaVA.Sprint5.Task6.V19.csproj", "{4B2BD558-6396-45CB-B220-F02E4FB195D2}"
EndProject
Project("{FAE04EC0-301F-11D3-BF4B-00C04F79EFBC}") = "Tyuiu.NovikovaVA.Sprint5.Task6.V19.Lib", "Tyuiu.NovikovaVA.Sprint5.Task6.V19.Lib\Tyuiu.NovikovaVA.Sprint5.Task6.V19.Lib.csproj", "{6AE7491A-7A28-4540-B521-32AE1D24E348}"
EndProject
Project("{FAE04EC0-301F-11D3-BF4B-00C04F79EFBC}") = "Tyuiu.NovikovaVA.Sprint5.Task6.V19.Test", "Tyuiu.NovikovaVA.Sprint5.Task6.V19.Test\Tyuiu.NovikovaVA.Sprint5.Task6.V19.Test.csproj", "{8C4B4323-C41B-4D87-81F8-2608F899179B}"
EndProject
Global
	GlobalSection(SolutionConfigurationPlatforms) = preSolution
		Debug|Any CPU = Debug|Any CPU
		Release|Any CPU = Release|Any CPU
	EndGlobalSection
	GlobalSection(ProjectConfigurationPlatforms) = postSolution
		{479FB029-0AA7-487E-8DC6-44FCC4CA7618}.Debug|Any CPU.ActiveCfg = Debug|Any CPU
		{479FB029-0AA7-487E-8DC6-44FCC4CA7618}.Debug|Any CPU.Build.0 = Debug|Any CPU
		{479FB029-0AA7-487E-8DC6-44FCC4CA7618}.Release|Any CPU.ActiveCfg = Release|Any CPU
		{479FB029-0AA7-487E-8DC6-44FCC4CA7618}.Release|Any CPU.Build.0 = Release|Any CPU
		{8C6C1B40-A5C2-4D1E-80DC-0961F587DC6F}.Debug|Any CPU.ActiveCfg = Debug|Any CPU
		{8C6C1B40-A5C2-4D1E-80DC-0961F587DC6F}.Debug|Any CPU.Build.0 = Debug|Any CPU
		{8C6C1B40-A5C2-4D1E-80DC-0961F587DC6F}.Release|Any CPU.ActiveCfg = Release|Any CPU
		{8C6C1B40-A5C2-4D1E-80DC-0961F587DC6F}.Release|Any CPU.Build.0 = Release|Any CPU
		{CCCCE47A-BCFA-4E2A-BF93-1BBA7593B901}.Debug|Any CPU.ActiveCfg = Debug|Any CPU
		{CCCCE47A-BCFA-4E2A-BF93-1BBA7593B901}.Debug|Any CPU.Build.0 = Debug|Any CPU
		{CCCCE47A-BCFA-4E2A-BF93-1BBA7593B901}.Release|Any CPU.ActiveCfg = Release|Any CPU
		{CCCCE47A-BCFA-4E2A-BF93-1BBA7593B901}.Release|Any CPU.Build.0 = Release|Any CPU
		{3C0B60B6-EABF-4EE4-819E-AF00D48D2BFF}.Debug|Any CPU.ActiveCfg = Debug|Any CPU
		{3C0B60B6-EABF-4EE4-819E-AF00D48D2BFF}.Debug|Any CPU.Build.0 = Debug|Any CPU
		{3C0B60B6-EABF-4EE4-819E-AF00D48D2BFF}.Release|Any CPU.ActiveCfg = Release|Any CPU
		{3C0B60B6-EABF-4EE4-819E-AF00D48D2BFF}.Release|Any CPU.Build.0 = Release|Any CPU
		{3BBEDB97-20BD-4238-B0A1-63231B2DB06B}.Debug|Any CPU.ActiveCfg = Debug|Any CPU
		{3BBEDB97-20BD-4238-B0A1-63231B2DB06B}.Debug|Any CPU.Build.0 = Debug|Any CPU
		{3BBEDB97-20BD-4238-B0A1-63231B2DB06B}.Release|Any CPU.ActiveCfg = Release|Any CPU
		{3BBEDB97-20BD-4238-B0A1-63231B2DB06B}.Release|Any CPU.Build.0 = Release|Any CPU
		{F09EA468-729D-45C2-A9CF-6E623F649F1D}.Debug|Any CPU.ActiveCfg = Debug|Any CPU
		{F09EA468-729D-45C2-A9CF-6E623F649F1D}.Debug|Any CPU.Build.0 = Debug|Any CPU
		{F09EA468-729D-45C2-A9CF-6E623F649F1D}.Release|Any CPU.ActiveCfg = Release|Any CPU
		{F09EA468-729D-45C2-A9CF-6E623F649F1D}.Release|Any CPU.Build.0 = Release|Any CPU
		{F7F01CBF-547E-4A94-919D-B62F667F9533}.Debug|Any CPU.ActiveCfg = Debug|Any CPU
		{F7F01CBF-547E-4A94-919D-B62F667F9533}.Debug|Any CPU.Build.0 = Debug|Any CPU
		{F7F01CBF-547E-4A94-919D-B62F667F9533}.Release|Any CPU.ActiveCfg = Release|Any CPU
		{F7F01CBF-547E-4A94-919D-B62F667F9533}.Release|Any CPU.Build.0 = Release|Any CPU
		{7F3632E1-A188-4D2B-AB90-328E25EEC3EA}.Debug|Any CPU.ActiveCfg = Debug|Any CPU
		{7F3632E1-A188-4D2B-AB90-328E25EEC3EA}.Debug|Any CPU.Build.0 = Debug|Any CPU
		{7F3632E1-A188-4D2B-AB90-328E25EEC3EA}.Release|Any CPU.ActiveCfg = Release|Any CPU
		{7F3632E1-A188-4D2B-AB90-328E25EEC3EA}.Release|Any CPU.Build.0 = Release|Any CPU
		{40595A2D-1CE0-4A42-AD98-D00ED0F6BFA2}.Debug|Any CPU.ActiveCfg = Debug|Any CPU
		{40595A2D-1CE0-4A42-AD98-D00ED0F6BFA2}.Debug|Any CPU.Build.0 = Debug|Any CPU
		{40595A2D-1CE0-4A42-AD98-D00ED0F6BFA2}.Release|Any CPU.ActiveCfg = Release|Any CPU
		{40595A2D-1CE0-4A42-AD98-D00ED0F6BFA2}.Release|Any CPU.Build.0 = Release|Any CPU
		{845C3FC5-CEF2-4900-8037-6D7038C6CAB9}.Debug|Any CPU.ActiveCfg = Debug|Any CPU
		{845C3FC5-CEF2-4900-8037-6D7038C6CAB9}.Debug|Any CPU.Build.0 = Debug|Any CPU
		{845C3FC5-CEF2-4900-8037-6D7038C6CAB9}.Release|Any CPU.ActiveCfg = Release|Any CPU
		{845C3FC5-CEF2-4900-8037-6D7038C6CAB9}.Release|Any CPU.Build.0 = Release|Any CPU
		{B51EC558-5BBF-4B96-B8FB-363F73A1D88F}.Debug|Any CPU.ActiveCfg = Debug|Any CPU
		{B51EC558-5BBF-4B96-B8FB-363F73A1D88F}.Debug|Any CPU.Build.0 = Debug|Any CPU
		{B51EC558-5BBF-4B96-B8FB-363F73A1D88F}.Release|Any CPU.ActiveCfg = Release|Any CPU
		{B51EC558-5BBF-4B96-B8FB-363F73A1D88F}.Release|Any CPU.Build.0 = Release|Any CPU
		{565A0CC8-19A9-4A26-9EA8-D5A1162A5316}.Debug|Any CPU.ActiveCfg = Debug|Any CPU
		{565A0CC8-19A9-4A26-9EA8-D5A1162A5316}.Debug|Any CPU.Build.0 = Debug|Any CPU
		{565A0CC8-19A9-4A26-9EA8-D5A1162A5316}.Release|Any CPU.ActiveCfg = Release|Any CPU
		{565A0CC8-19A9-4A26-9EA8-D5A1162A5316}.Release|Any CPU.Build.0 = Release|Any CPU
		{9983A30C-D6FC-4A05-9B43-61FB085F00B3}.Debug|Any CPU.ActiveCfg = Debug|Any CPU
		{9983A30C-D6FC-4A05-9B43-61FB085F00B3}.Debug|Any CPU.Build.0 = Debug|Any CPU
		{9983A30C-D6FC-4A05-9B43-61FB085F00B3}.Release|Any CPU.ActiveCfg = Release|Any CPU
		{9983A30C-D6FC-4A05-9B43-61FB085F00B3}.Release|Any CPU.Build.0 = Release|Any CPU
		{C5CF6B79-4F88-4F50-A8D1-6A3D1827904C}.Debug|Any CPU.ActiveCfg = Debug|Any CPU
		{C5CF6B79-4F88-4F50-A8D1-6A3D1827904C}.Debug|Any CPU.Build.0 = Debug|Any CPU
		{C5CF6B79-4F88-4F50-A8D1-6A3D1827904C}.Release|Any CPU.ActiveCfg = Release|Any CPU
		{C5CF6B79-4F88-4F50-A8D1-6A3D1827904C}.Release|Any CPU.Build.0 = Release|Any CPU
		{24DA16DA-12DC-4978-9373-9BD065C101AA}.Debug|Any CPU.ActiveCfg = Debug|Any CPU
		{24DA16DA-12DC-4978-9373-9BD065C101AA}.Debug|Any CPU.Build.0 = Debug|Any CPU
		{24DA16DA-12DC-4978-9373-9BD065C101AA}.Release|Any CPU.ActiveCfg = Release|Any CPU
		{24DA16DA-12DC-4978-9373-9BD065C101AA}.Release|Any CPU.Build.0 = Release|Any CPU
		{C5021520-2658-43B0-8384-420C51CF042C}.Debug|Any CPU.ActiveCfg = Debug|Any CPU
		{C5021520-2658-43B0-8384-420C51CF042C}.Debug|Any CPU.Build.0 = Debug|Any CPU
		{C5021520-2658-43B0-8384-420C51CF042C}.Release|Any CPU.ActiveCfg = Release|Any CPU
		{C5021520-2658-43B0-8384-420C51CF042C}.Release|Any CPU.Build.0 = Release|Any CPU
		{37870ED7-EC73-45AE-8D5E-A5D23A077CE9}.Debug|Any CPU.ActiveCfg = Debug|Any CPU
		{37870ED7-EC73-45AE-8D5E-A5D23A077CE9}.Debug|Any CPU.Build.0 = Debug|Any CPU
		{37870ED7-EC73-45AE-8D5E-A5D23A077CE9}.Release|Any CPU.ActiveCfg = Release|Any CPU
		{37870ED7-EC73-45AE-8D5E-A5D23A077CE9}.Release|Any CPU.Build.0 = Release|Any CPU
		{AB2EE190-5273-427D-9E01-DDA74D24A4B0}.Debug|Any CPU.ActiveCfg = Debug|Any CPU
		{AB2EE190-5273-427D-9E01-DDA74D24A4B0}.Debug|Any CPU.Build.0 = Debug|Any CPU
		{AB2EE190-5273-427D-9E01-DDA74D24A4B0}.Release|Any CPU.ActiveCfg = Release|Any CPU
		{AB2EE190-5273-427D-9E01-DDA74D24A4B0}.Release|Any CPU.Build.0 = Release|Any CPU
		{4B2BD558-6396-45CB-B220-F02E4FB195D2}.Debug|Any CPU.ActiveCfg = Debug|Any CPU
		{4B2BD558-6396-45CB-B220-F02E4FB195D2}.Debug|Any CPU.Build.0 = Debug|Any CPU
		{4B2BD558-6396-45CB-B220-F02E4FB195D2}.Release|Any CPU.ActiveCfg = Release|Any CPU
		{4B2BD558-6396-45CB-B220-F02E4FB195D2}.Release|Any CPU.Build.0 = Release|Any CPU
		{6AE7491A-7A28-4540-B521-32AE1D24E348}.Debug|Any CPU.ActiveCfg = Debug|Any CPU
		{6AE7491A-7A28-4540-B521-32AE1D24E348}.Debug|Any CPU.Build.0 = Debug|Any CPU
		{6AE7491A-7A28-4540-B521-32AE1D24E348}.Release|Any CPU.ActiveCfg = Release|Any CPU
		{6AE7491A-7A28-4540-B521-32AE1D24E348}.Release|Any CPU.Build.0 = Release|Any CPU
		{8C4B4323-C41B-4D87-81F8-2608F899179B}.Debug|Any CPU.ActiveCfg = Debug|Any CPU
		{8C4B4323-C41B-4D87-81F8-2608F899179B}.Debug|Any CPU.Build.0 = Debug|Any CPU
		{8C4B4323-C41B-4D87-81F8-2608F899179B}.Release|Any CPU.ActiveCfg = Release|Any CPU
		{8C4B4323-C41B-4D87-81F8-2608F899179B}.Release|Any CPU.Build.0 = Release|Any CPU
	EndGlobalSection
	GlobalSection(SolutionProperties) = preSolution
		HideSolutionNode = FALSE
	EndGlobalSection
	GlobalSection(NestedProjects) = preSolution
		{479FB029-0AA7-487E-8DC6-44FCC4CA7618} = {2A394B8E-5959-43C7-9F87-F69C38D840A1}
		{8C6C1B40-A5C2-4D1E-80DC-0961F587DC6F} = {2A394B8E-5959-43C7-9F87-F69C38D840A1}
		{CCCCE47A-BCFA-4E2A-BF93-1BBA7593B901} = {2A394B8E-5959-43C7-9F87-F69C38D840A1}
		{3C0B60B6-EABF-4EE4-819E-AF00D48D2BFF} = {4440E51A-B0E6-4969-A5B9-5D60339FF94F}
		{3BBEDB97-20BD-4238-B0A1-63231B2DB06B} = {4440E51A-B0E6-4969-A5B9-5D60339FF94F}
		{F09EA468-729D-45C2-A9CF-6E623F649F1D} = {4440E51A-B0E6-4969-A5B9-5D60339FF94F}
		{F7F01CBF-547E-4A94-919D-B62F667F9533} = {D392A2EF-9A20-4185-A56B-EF6D85E39DCF}
		{7F3632E1-A188-4D2B-AB90-328E25EEC3EA} = {D392A2EF-9A20-4185-A56B-EF6D85E39DCF}
		{40595A2D-1CE0-4A42-AD98-D00ED0F6BFA2} = {D392A2EF-9A20-4185-A56B-EF6D85E39DCF}
		{845C3FC5-CEF2-4900-8037-6D7038C6CAB9} = {A897D2A5-124C-4FC7-A24A-5506575D4878}
		{B51EC558-5BBF-4B96-B8FB-363F73A1D88F} = {A897D2A5-124C-4FC7-A24A-5506575D4878}
		{565A0CC8-19A9-4A26-9EA8-D5A1162A5316} = {A897D2A5-124C-4FC7-A24A-5506575D4878}
		{9983A30C-D6FC-4A05-9B43-61FB085F00B3} = {AE2926C5-1E2E-4EF2-9EE2-371016888B22}
		{C5CF6B79-4F88-4F50-A8D1-6A3D1827904C} = {AE2926C5-1E2E-4EF2-9EE2-371016888B22}
		{24DA16DA-12DC-4978-9373-9BD065C101AA} = {AE2926C5-1E2E-4EF2-9EE2-371016888B22}
		{C5021520-2658-43B0-8384-420C51CF042C} = {FC696033-E497-4CC3-B503-1D2DBB6ABCDC}
		{37870ED7-EC73-45AE-8D5E-A5D23A077CE9} = {FC696033-E497-4CC3-B503-1D2DBB6ABCDC}
		{AB2EE190-5273-427D-9E01-DDA74D24A4B0} = {FC696033-E497-4CC3-B503-1D2DBB6ABCDC}
		{4B2BD558-6396-45CB-B220-F02E4FB195D2} = {1AA92245-16ED-4666-BE05-C586E011E60B}
		{6AE7491A-7A28-4540-B521-32AE1D24E348} = {1AA92245-16ED-4666-BE05-C586E011E60B}
		{8C4B4323-C41B-4D87-81F8-2608F899179B} = {1AA92245-16ED-4666-BE05-C586E011E60B}
	EndGlobalSection
	GlobalSection(ExtensibilityGlobals) = postSolution
		SolutionGuid = {0D7A101A-9FE7-4EE6-82D9-5958948F45D7}
	EndGlobalSection
EndGlobal
